<?xml version="1.0" encoding="utf-8"?>
<Project ToolsVersion="4.0" xmlns="http://schemas.microsoft.com/developer/msbuild/2003">
  <ItemGroup>
    <Filter Include="Source Files">
      <UniqueIdentifier>{4FC737F1-C7A5-4376-A066-2A32D752A2FF}</UniqueIdentifier>
      <Extensions>cpp;c;cc;cxx;c++;cppm;ixx;def;odl;idl;hpj;bat;asm;asmx</Extensions>
    </Filter>
    <Filter Include="Header Files">
      <UniqueIdentifier>{93995380-89BD-4b04-88EB-625FBE52EBFB}</UniqueIdentifier>
      <Extensions>h;hh;hpp;hxx;h++;hm;inl;inc;ipp;xsd</Extensions>
    </Filter>
    <Filter Include="Resource Files">
      <UniqueIdentifier>{67DA6AB6-F800-4c08-8B7A-83BB121AAD01}</UniqueIdentifier>
      <Extensions>rc;ico;cur;bmp;dlg;rc2;rct;bin;rgs;gif;jpg;jpeg;jpe;resx;tiff;tif;png;wav;mfcribbon-ms</Extensions>
    </Filter>
  </ItemGroup>
  <ItemGroup>
    <ClCompile Include="src\main.c">
      <Filter>Source Files</Filter>
    </ClCompile>
    <ClCompile Include="src\terrain\perlin_noise.c">
      <Filter>Source Files</Filter>
    </ClCompile>
    <ClCompile Include="src\terrain\mesh.c">
      <Filter>Source Files</Filter>
    </ClCompile>
    <ClCompile Include="src\terrain\chunk.c">
      <Filter>Source Files</Filter>
    </ClCompile>
    <ClCompile Include="src\vector_math\vec2.c">
      <Filter>Source Files</Filter>
    </ClCompile>
    <ClCompile Include="src\vector_math\vec3.c">
      <Filter>Source Files</Filter>
    </ClCompile>
    <ClCompile Include="src\terrain\block.c">
      <Filter>Source Files</Filter>
    </ClCompile>
    <ClCompile Include="src\terrain\texture.c">
      <Filter>Source Files</Filter>
    </ClCompile>
  </ItemGroup>
  <ItemGroup>
    <ClInclude Include="include\perlin_noise.h">
      <Filter>Header Files</Filter>
    </ClInclude>
    <ClInclude Include="include\mesh.h">
      <Filter>Header Files</Filter>
    </ClInclude>
    <ClInclude Include="include\block.h">
      <Filter>Header Files</Filter>
    </ClInclude>
    <ClInclude Include="include\chunk.h">
      <Filter>Header Files</Filter>
    </ClInclude>
    <ClInclude Include="include\vec3.h">
      <Filter>Header Files</Filter>
    </ClInclude>
    <ClInclude Include="include\vec2.h">
      <Filter>Header Files</Filter>
    </ClInclude>
    <ClInclude Include="include\texture.h">
      <Filter>Header Files</Filter>
    </ClInclude>
  </ItemGroup>
  <ItemGroup>
    <Image Include="assets\block_textures\BLOCK_SAND.png">
      <Filter>Resource Files</Filter>
    </Image>
    <Image Include="assets\block_textures\BLOCK_BEDROCK.png">
      <Filter>Resource Files</Filter>
    </Image>
    <Image Include="assets\block_textures\BLOCK_COBBLESTONE.png">
      <Filter>Resource Files</Filter>
    </Image>
    <Image Include="assets\block_textures\BLOCK_DIRT.png">
      <Filter>Resource Files</Filter>
    </Image>
    <Image Include="assets\block_textures\BLOCK_LEAVES.png">
      <Filter>Resource Files</Filter>
    </Image>
    <Image Include="assets\block_textures\BLOCK_GRASS.png">
      <Filter>Resource Files</Filter>
    </Image>
    <Image Include="assets\block_textures\BLOCK_GRAVEL.png">
      <Filter>Resource Files</Filter>
    </Image>
    <Image Include="assets\block_textures\BLOCK_GRASS_TOP.png">
      <Filter>Resource Files</Filter>
    </Image>
    <Image Include="assets\block_textures\BLOCK_GRASS_BOTTOM.png">
      <Filter>Resource Files</Filter>
    </Image>
    <Image Include="assets\block_textures\BLOCK_AIR.png">
      <Filter>Resource Files</Filter>
    </Image>
    <Image Include="assets\block_textures\BLOCK_WATER.png">
      <Filter>Resource Files</Filter>
    </Image>
    <Image Include="assets\block_textures\BLOCK_COARSE_DIRT.png">
      <Filter>Resource Files</Filter>
    </Image>
    <Image Include="assets\block_textures\BLOCK_STONE.png">
      <Filter>Resource Files</Filter>
    </Image>
    <Image Include="assets\texture_packs\default\BLOCK_BEDROCK.png">
      <Filter>Resource Files</Filter>
    </Image>
    <Image Include="assets\texture_packs\default\BLOCK_COBBLESTONE.png">
      <Filter>Resource Files</Filter>
    </Image>
    <Image Include="assets\texture_packs\default\BLOCK_DIRT.png">
      <Filter>Resource Files</Filter>
    </Image>
    <Image Include="assets\texture_packs\default\BLOCK_GRASS.png">
      <Filter>Resource Files</Filter>
    </Image>
    <Image Include="assets\texture_packs\default\BLOCK_GRASS_BOTTOM.png">
      <Filter>Resource Files</Filter>
    </Image>
    <Image Include="assets\texture_packs\default\BLOCK_GRASS_TOP.png">
      <Filter>Resource Files</Filter>
    </Image>
    <Image Include="assets\texture_packs\default\BLOCK_GRAVEL.png">
      <Filter>Resource Files</Filter>
    </Image>
    <Image Include="assets\texture_packs\default\BLOCK_SAND.png">
      <Filter>Resource Files</Filter>
    </Image>
    <Image Include="assets\texture_packs\default\BLOCK_STONE.png">
      <Filter>Resource Files</Filter>
    </Image>
    <Image Include="assets\texture_packs\default\BEDROCK.png">
      <Filter>Resource Files</Filter>
    </Image>
    <Image Include="assets\texture_packs\default\COBBLESTONE.png">
      <Filter>Resource Files</Filter>
    </Image>
    <Image Include="assets\texture_packs\default\DIRT.png">
      <Filter>Resource Files</Filter>
    </Image>
    <Image Include="assets\texture_packs\default\GRASS.png">
      <Filter>Resource Files</Filter>
    </Image>
    <Image Include="assets\texture_packs\default\GRASS_BOTTOM.png">
      <Filter>Resource Files</Filter>
    </Image>
    <Image Include="assets\texture_packs\default\GRASS_TOP.png">
      <Filter>Resource Files</Filter>
    </Image>
    <Image Include="assets\texture_packs\default\GRAVEL.png">
      <Filter>Resource Files</Filter>
    </Image>
    <Image Include="assets\texture_packs\default\OAK_LOG.png">
      <Filter>Resource Files</Filter>
    </Image>
    <Image Include="assets\texture_packs\default\OAK_LOG_BOTTOM.png">
      <Filter>Resource Files</Filter>
    </Image>
    <Image Include="assets\texture_packs\default\OAK_LOG_TOP.png">
      <Filter>Resource Files</Filter>
    </Image>
    <Image Include="assets\texture_packs\default\SAND.png">
      <Filter>Resource Files</Filter>
    </Image>
    <Image Include="assets\texture_packs\default\STONE.png">
      <Filter>Resource Files</Filter>
    </Image>
    <Image Include="assets\texture_packs\old\AIR.png">
      <Filter>Resource Files</Filter>
    </Image>
    <Image Include="assets\texture_packs\old\BEDROCK.png">
      <Filter>Resource Files</Filter>
    </Image>
    <Image Include="assets\texture_packs\old\COARSE_DIRT.png">
      <Filter>Resource Files</Filter>
    </Image>
    <Image Include="assets\texture_packs\old\COBBLESTONE.png">
      <Filter>Resource Files</Filter>
    </Image>
    <Image Include="assets\texture_packs\old\DIRT.png">
      <Filter>Resource Files</Filter>
    </Image>
    <Image Include="assets\texture_packs\old\GRASS.png">
      <Filter>Resource Files</Filter>
    </Image>
    <Image Include="assets\texture_packs\old\GRASS_BOTTOM.png">
      <Filter>Resource Files</Filter>
    </Image>
    <Image Include="assets\texture_packs\old\GRASS_TOP.png">
      <Filter>Resource Files</Filter>
    </Image>
    <Image Include="assets\texture_packs\old\GRAVEL.png">
      <Filter>Resource Files</Filter>
    </Image>
    <Image Include="assets\texture_packs\old\LEAVES.png">
      <Filter>Resource Files</Filter>
    </Image>
    <Image Include="assets\texture_packs\old\SAND.png">
      <Filter>Resource Files</Filter>
    </Image>
    <Image Include="assets\texture_packs\old\STONE.png">
      <Filter>Resource Files</Filter>
    </Image>
    <Image Include="assets\texture_packs\old\WATER.png">
      <Filter>Resource Files</Filter>
    </Image>
    <Image Include="assets\texture_packs\default\OAK_LEAVES.png">
      <Filter>Resource Files</Filter>
    </Image>
  </ItemGroup>
  <ItemGroup>
    <None Include="assets\shaders\base.vs" />
    <None Include="assets\shaders\base.fs" />
  </ItemGroup>
</Project>